
Microsoft Visual Studio Solution File, Format Version 12.00
# Visual Studio Version 17
VisualStudioVersion = 17.2.32519.379
MinimumVisualStudioVersion = 10.0.40219.1
Project("{FAE04EC0-301F-11D3-BF4B-00C04F79EFBC}") = "BigApp", "BigApp\BigApp.csproj", "{C858FCD4-CD95-4C0C-8CCB-081D56922B49}"
EndProject
Global
	GlobalSection(SolutionConfigurationPlatforms) = preSolution
		Debug|Any CPU = Debug|Any CPU
		Release|Any CPU = Release|Any CPU
	EndGlobalSection
	GlobalSection(ProjectConfigurationPlatforms) = postSolution
		{C858FCD4-CD95-4C0C-8CCB-081D56922B49}.Debug|Any CPU.ActiveCfg = Debug|Any CPU
		{C858FCD4-CD95-4C0C-8CCB-081D56922B49}.Debug|Any CPU.Build.0 = Debug|Any CPU
		{C858FCD4-CD95-4C0C-8CCB-081D56922B49}.Release|Any CPU.ActiveCfg = Release|Any CPU
		{C858FCD4-CD95-4C0C-8CCB-081D56922B49}.Release|Any CPU.Build.0 = Release|Any CPU
	EndGlobalSection
	GlobalSection(SolutionProperties) = preSolution
		HideSolutionNode = FALSE
	EndGlobalSection
	GlobalSection(ExtensibilityGlobals) = postSolution
		SolutionGuid = {73530A9E-183F-44BD-8EAA-50FA52C22DCC}
	EndGlobalSection
EndGlobal
